// !$*UTF8*$!
{
	archiveVersion = 1;
	classes = {
	};
	objectVersion = 110;
	objects = {

/* Begin PBXBuildFile section */
		0FAC0DE000000000000000C1 /* onnxruntime in Frameworks */ = {isa = PBXBuildFile; productRef = 0FAC0DE000000000000000B1 /* onnxruntime */; };
		0FAC0DE000000000000000C2 /* Tokenizers in Frameworks */ = {isa = PBXBuildFile; productRef = 0FAC0DE000000000000000B2 /* Tokenizers */; };
/* End PBXBuildFile section */

/* Begin PBXContainerItemProxy section */
		E0B4A03D2FF96D9C00AF9A22 /* PBXContainerItemProxy */ = {
			isa = PBXContainerItemProxy;
			containerPortal = E0B4A0272FF96D9B00AF9A22 /* Project object */;
			proxyType = 1;
			remoteGlobalIDString = E0B4A02E2FF96D9B00AF9A22;
			remoteInfo = Aeroshot;
		};
		E0B4A0472FF96D9C00AF9A22 /* PBXContainerItemProxy */ = {
			isa = PBXContainerItemProxy;
			containerPortal = E0B4A0272FF96D9B00AF9A22 /* Project object */;
			proxyType = 1;
			remoteGlobalIDString = E0B4A02E2FF96D9B00AF9A22;
			remoteInfo = Aeroshot;
		};
/* End PBXContainerItemProxy section */

/* Begin PBXFileReference section */
		E0B4A02F2FF96D9B00AF9A22 /* Aeroshot.app */ = {isa = PBXFileReference; explicitFileType = wrapper.application; includeInIndex = 0; path = Aeroshot.app; sourceTree = BUILT_PRODUCTS_DIR; };
		E0B4A03C2FF96D9C00AF9A22 /* AeroshotTests.xctest */ = {isa = PBXFileReference; explicitFileType = wrapper.cfbundle; includeInIndex = 0; path = AeroshotTests.xctest; sourceTree = BUILT_PRODUCTS_DIR; };
		E0B4A0462FF96D9C00AF9A22 /* AeroshotUITests.xctest */ = {isa = PBXFileReference; explicitFileType = wrapper.cfbundle; includeInIndex = 0; path = AeroshotUITests.xctest; sourceTree = BUILT_PRODUCTS_DIR; };
/* End PBXFileReference section */

/* Begin PBXFileSystemSynchronizedBuildFileExceptionSet section */
		E0B4A0602FF96D9C00AF9A22 /* Exceptions for "Aeroshot" folder in "Aeroshot" target */ = {
			isa = PBXFileSystemSynchronizedBuildFileExceptionSet;
			membershipExceptions = (
				Info.plist,
			);
			target = E0B4A02E2FF96D9B00AF9A22 /* Aeroshot */;
		};
/* End PBXFileSystemSynchronizedBuildFileExceptionSet section */

/* Begin PBXFileSystemSynchronizedRootGroup section */
		E0B4A0312FF96D9B00AF9A22 /* Aeroshot */ = {
			isa = PBXFileSystemSynchronizedRootGroup;
			exceptions = (
				E0B4A0602FF96D9C00AF9A22 /* Exceptions for "Aeroshot" folder in "Aeroshot" target */,
			);
			path = Aeroshot;
			sourceTree = "<group>";
		};
		E0B4A03F2FF96D9C00AF9A22 /* AeroshotTests */ = {
			isa = PBXFileSystemSynchronizedRootGroup;
			path = AeroshotTests;
			sourceTree = "<group>";
		};
		E0B4A0492FF96D9C00AF9A22 /* AeroshotUITests */ = {
			isa = PBXFileSystemSynchronizedRootGroup;
			path = AeroshotUITests;
			sourceTree = "<group>";
		};
/* End PBXFileSystemSynchronizedRootGroup section */

/* Begin PBXFrameworksBuildPhase section */
		E0B4A02C2FF96D9B00AF9A22 /* Frameworks */ = {
			isa = PBXFrameworksBuildPhase;
			files = (
				0FAC0DE000000000000000C1 /* onnxruntime in Frameworks */,
				0FAC0DE000000000000000C2 /* Tokenizers in Frameworks */,
			);
		};
		E0B4A0392FF96D9C00AF9A22 /* Frameworks */ = {
			isa = PBXFrameworksBuildPhase;
			files = (
			);
		};
		E0B4A0432FF96D9C00AF9A22 /* Frameworks */ = {
			isa = PBXFrameworksBuildPhase;
			files = (
			);
		};
/* End PBXFrameworksBuildPhase section */

/* Begin PBXGroup section */
		E0B4A0262FF96D9B00AF9A22 = {
			isa = PBXGroup;
			children = (
				E0B4A0312FF96D9B00AF9A22 /* Aeroshot */,
				E0B4A03F2FF96D9C00AF9A22 /* AeroshotTests */,
				E0B4A0492FF96D9C00AF9A22 /* AeroshotUITests */,
				E0B4A0302FF96D9B00AF9A22 /* Products */,
			);
			sourceTree = "<group>";
		};
		E0B4A0302FF96D9B00AF9A22 /* Products */ = {
			isa = PBXGroup;
			children = (
				E0B4A02F2FF96D9B00AF9A22 /* Aeroshot.app */,
				E0B4A03C2FF96D9C00AF9A22 /* AeroshotTests.xctest */,
				E0B4A0462FF96D9C00AF9A22 /* AeroshotUITests.xctest */,
			);
			name = Products;
			sourceTree = "<group>";
		};
/* End PBXGroup section */

/* Begin PBXNativeTarget section */
		E0B4A02E2FF96D9B00AF9A22 /* Aeroshot */ = {
			isa = PBXNativeTarget;
			buildConfigurationList = E0B4A04E2FF96D9C00AF9A22 /* Build configuration list for PBXNativeTarget "Aeroshot" */;
			buildPhases = (
				E0B4A02B2FF96D9B00AF9A22 /* Sources */,
				E0B4A02C2FF96D9B00AF9A22 /* Frameworks */,
				E0B4A02D2FF96D9B00AF9A22 /* Resources */,
				A3B7812D3F00000100000001 /* Configure Release Info */,
			);
			buildRules = (
			);
			fileSystemSynchronizedGroups = (
				E0B4A0312FF96D9B00AF9A22 /* Aeroshot */,
			);
			name = Aeroshot;
			packageProductDependencies = (
				0FAC0DE000000000000000B1 /* onnxruntime */,
				0FAC0DE000000000000000B2 /* Tokenizers */,
			);
			productName = Aeroshot;
			productReference = E0B4A02F2FF96D9B00AF9A22 /* Aeroshot.app */;
			productType = "com.apple.product-type.application";
		};
		E0B4A03B2FF96D9C00AF9A22 /* AeroshotTests */ = {
			isa = PBXNativeTarget;
			buildConfigurationList = E0B4A0512FF96D9C00AF9A22 /* Build configuration list for PBXNativeTarget "AeroshotTests" */;
			buildPhases = (
				E0B4A0382FF96D9C00AF9A22 /* Sources */,
				E0B4A0392FF96D9C00AF9A22 /* Frameworks */,
				E0B4A03A2FF96D9C00AF9A22 /* Resources */,
			);
			buildRules = (
			);
			dependencies = (
				E0B4A03E2FF96D9C00AF9A22 /* PBXTargetDependency */,
			);
			fileSystemSynchronizedGroups = (
				E0B4A03F2FF96D9C00AF9A22 /* AeroshotTests */,
			);
			name = AeroshotTests;
			productName = AeroshotTests;
			productReference = E0B4A03C2FF96D9C00AF9A22 /* AeroshotTests.xctest */;
			productType = "com.apple.product-type.bundle.unit-test";
		};
		E0B4A0452FF96D9C00AF9A22 /* AeroshotUITests */ = {
			isa = PBXNativeTarget;
			buildConfigurationList = E0B4A0542FF96D9C00AF9A22 /* Build configuration list for PBXNativeTarget "AeroshotUITests" */;
			buildPhases = (
				E0B4A0422FF96D9C00AF9A22 /* Sources */,
				E0B4A0432FF96D9C00AF9A22 /* Frameworks */,
				E0B4A0442FF96D9C00AF9A22 /* Resources */,
			);
			buildRules = (
			);
			dependencies = (
				E0B4A0482FF96D9C00AF9A22 /* PBXTargetDependency */,
			);
			fileSystemSynchronizedGroups = (
				E0B4A0492FF96D9C00AF9A22 /* AeroshotUITests */,
			);
			name = AeroshotUITests;
			productName = AeroshotUITests;
			productReference = E0B4A0462FF96D9C00AF9A22 /* AeroshotUITests.xctest */;
			productType = "com.apple.product-type.bundle.ui-testing";
		};
/* End PBXNativeTarget section */

/* Begin PBXProject section */
		E0B4A0272FF96D9B00AF9A22 /* Project object */ = {
			isa = PBXProject;
			attributes = {
				BuildIndependentTargetsInParallel = 1;
				LastSwiftUpdateCheck = 2700;
				LastUpgradeCheck = 2700;
				TargetAttributes = {
					E0B4A02E2FF96D9B00AF9A22 = {
						CreatedOnToolsVersion = 27.0;
					};
					E0B4A03B2FF96D9C00AF9A22 = {
						CreatedOnToolsVersion = 27.0;
						TestTargetID = E0B4A02E2FF96D9B00AF9A22;
					};
					E0B4A0452FF96D9C00AF9A22 = {
						CreatedOnToolsVersion = 27.0;
						TestTargetID = E0B4A02E2FF96D9B00AF9A22;
					};
				};
			};
			buildConfigurationList = E0B4A02A2FF96D9B00AF9A22 /* Build configuration list for PBXProject "Aeroshot" */;
			developmentRegion = en;
			hasScannedForEncodings = 0;
			knownRegions = (
				en,
				Base,
			);
			mainGroup = E0B4A0262FF96D9B00AF9A22;
			minimizedProjectReferenceProxies = 1;
			packageReferences = (
				0FAC0DE000000000000000A1 /* XCRemoteSwiftPackageReference "onnxruntime-swift-package-manager" */,
				0FAC0DE000000000000000A2 /* XCRemoteSwiftPackageReference "swift-transformers" */,
			);
			preferredProjectObjectVersion = 77;
			productRefGroup = E0B4A0302FF96D9B00AF9A22 /* Products */;
			projectDirPath = "";
			projectRoot = "";
			targets = (
				E0B4A02E2FF96D9B00AF9A22 /* Aeroshot */,
				E0B4A03B2FF96D9C00AF9A22 /* AeroshotTests */,
				E0B4A0452FF96D9C00AF9A22 /* AeroshotUITests */,
			);
		};
/* End PBXProject section */

/* Begin PBXShellScriptBuildPhase section */
		A3B7812D3F00000100000001 /* Configure Release Info */ = {
			isa = PBXShellScriptBuildPhase;
			buildActionMask = 2147483647;
			files = (
			);
			inputPaths = (
			);
			name = "Configure Release Info";
			outputPaths = (
			);
			alwaysOutOfDate = 1;
			runOnlyForDeploymentPostprocessing = 0;
			showEnvVarsInLog = 0;
			shellPath = /bin/sh;
				shellScript = "if [ \"$CONFIGURATION\" = Debug ]; then\n  /usr/bin/plutil -replace LSMultipleInstancesProhibited -bool false \"$TARGET_BUILD_DIR/$INFOPLIST_PATH\"\nfi\n";
		};
/* End PBXShellScriptBuildPhase section */

/* Begin PBXResourcesBuildPhase section */
		E0B4A02D2FF96D9B00AF9A22 /* Resources */ = {
			isa = PBXResourcesBuildPhase;
			files = (
			);
		};
		E0B4A03A2FF96D9C00AF9A22 /* Resources */ = {
			isa = PBXResourcesBuildPhase;
			files = (
			);
		};
		E0B4A0442FF96D9C00AF9A22 /* Resources */ = {
			isa = PBXResourcesBuildPhase;
			files = (
			);
		};
/* End PBXResourcesBuildPhase section */

/* Begin PBXSourcesBuildPhase section */
		E0B4A02B2FF96D9B00AF9A22 /* Sources */ = {
			isa = PBXSourcesBuildPhase;
			files = (
			);
		};
		E0B4A0382FF96D9C00AF9A22 /* Sources */ = {
			isa = PBXSourcesBuildPhase;
			files = (
			);
		};
		E0B4A0422FF96D9C00AF9A22 /* Sources */ = {
			isa = PBXSourcesBuildPhase;
			files = (
			);
		};
/* End PBXSourcesBuildPhase section */

/* Begin PBXTargetDependency section */
		E0B4A03E2FF96D9C00AF9A22 /* PBXTargetDependency */ = {
			isa = PBXTargetDependency;
			target = E0B4A02E2FF96D9B00AF9A22 /* Aeroshot */;
			targetProxy = E0B4A03D2FF96D9C00AF9A22 /* PBXContainerItemProxy */;
		};
		E0B4A0482FF96D9C00AF9A22 /* PBXTargetDependency */ = {
			isa = PBXTargetDependency;
			target = E0B4A02E2FF96D9B00AF9A22 /* Aeroshot */;
			targetProxy = E0B4A0472FF96D9C00AF9A22 /* PBXContainerItemProxy */;
		};
/* End PBXTargetDependency section */

/* Begin XCBuildConfiguration section */
		E0B4A04C2FF96D9C00AF9A22 /* Debug configuration for PBXProject "Aeroshot" */ = {
			isa = XCBuildConfiguration;
			buildSettings = {
				ALWAYS_SEARCH_USER_PATHS = NO;
				ASSETCATALOG_COMPILER_GENERATE_SWIFT_ASSET_SYMBOL_EXTENSIONS = YES;
				CLANG_ANALYZER_NONNULL = YES;
				CLANG_ANALYZER_NUMBER_OBJECT_CONVERSION = YES_AGGRESSIVE;
				CLANG_CXX_LANGUAGE_STANDARD = "gnu++20";
				CLANG_ENABLE_MODULES = YES;
				CLANG_ENABLE_OBJC_ARC = YES;
				CLANG_ENABLE_OBJC_WEAK = YES;
				CLANG_WARN_BLOCK_CAPTURE_AUTORELEASING = YES;
				CLANG_WARN_BOOL_CONVERSION = YES;
				CLANG_WARN_COMMA = YES;
				CLANG_WARN_CONSTANT_CONVERSION = YES;
				CLANG_WARN_DEPRECATED_OBJC_IMPLEMENTATIONS = YES;
				CLANG_WARN_DIRECT_OBJC_ISA_USAGE = YES_ERROR;
				CLANG_WARN_DOCUMENTATION_COMMENTS = YES;
				CLANG_WARN_EMPTY_BODY = YES;
				CLANG_WARN_ENUM_CONVERSION = YES;
				CLANG_WARN_INFINITE_RECURSION = YES;
				CLANG_WARN_INT_CONVERSION = YES;
				CLANG_WARN_NON_LITERAL_NULL_CONVERSION = YES;
				CLANG_WARN_OBJC_IMPLICIT_RETAIN_SELF = YES;
				CLANG_WARN_OBJC_LITERAL_CONVERSION = YES;
				CLANG_WARN_OBJC_ROOT_CLASS = YES_ERROR;
				CLANG_WARN_QUOTED_INCLUDE_IN_FRAMEWORK_HEADER = YES;
				CLANG_WARN_RANGE_LOOP_ANALYSIS = YES;
				CLANG_WARN_STRICT_PROTOTYPES = YES;
				CLANG_WARN_SUSPICIOUS_MOVE = YES;
				CLANG_WARN_UNGUARDED_AVAILABILITY = YES_AGGRESSIVE;
				CLANG_WARN_UNREACHABLE_CODE = YES;
				CLANG_WARN__DUPLICATE_METHOD_MATCH = YES;
				COPY_PHASE_STRIP = NO;
				DEBUG_INFORMATION_FORMAT = dwarf;
				DEVELOPMENT_TEAM = KU6R499PHR;
				ENABLE_STRICT_OBJC_MSGSEND = YES;
				ENABLE_TESTABILITY = YES;
				ENABLE_USER_SCRIPT_SANDBOXING = YES;
				GCC_C_LANGUAGE_STANDARD = gnu17;
				GCC_DYNAMIC_NO_PIC = NO;
				GCC_NO_COMMON_BLOCKS = YES;
				GCC_OPTIMIZATION_LEVEL = 0;
				GCC_PREPROCESSOR_DEFINITIONS = (
					"DEBUG=1",
					"$(inherited)",
				);
				GCC_WARN_64_TO_32_BIT_CONVERSION = YES;
				GCC_WARN_ABOUT_RETURN_TYPE = YES_ERROR;
				GCC_WARN_UNDECLARED_SELECTOR = YES;
				GCC_WARN_UNINITIALIZED_AUTOS = YES_AGGRESSIVE;
				GCC_WARN_UNUSED_FUNCTION = YES;
				GCC_WARN_UNUSED_VARIABLE = YES;
				LOCALIZATION_PREFERS_STRING_CATALOGS = YES;
				MACOSX_DEPLOYMENT_TARGET = 14.0;
				MTL_ENABLE_DEBUG_INFO = INCLUDE_SOURCE;
				MTL_FAST_MATH = YES;
				ONLY_ACTIVE_ARCH = YES;
				SDKROOT = macosx;
				SWIFT_ACTIVE_COMPILATION_CONDITIONS = "DEBUG $(inherited)";
				SWIFT_OPTIMIZATION_LEVEL = "-Onone";
				SWIFT_VERSION = 6.0;
			};
			name = Debug;
		};
		E0B4A04D2FF96D9C00AF9A22 /* Release configuration for PBXProject "Aeroshot" */ = {
			isa = XCBuildConfiguration;
			buildSettings = {
				ALWAYS_SEARCH_USER_PATHS = NO;
				ASSETCATALOG_COMPILER_GENERATE_SWIFT_ASSET_SYMBOL_EXTENSIONS = YES;
				CLANG_ANALYZER_NONNULL = YES;
				CLANG_ANALYZER_NUMBER_OBJECT_CONVERSION = YES_AGGRESSIVE;
				CLANG_CXX_LANGUAGE_STANDARD = "gnu++20";
				CLANG_ENABLE_MODULES = YES;
				CLANG_ENABLE_OBJC_ARC = YES;
				CLANG_ENABLE_OBJC_WEAK = YES;
				CLANG_WARN_BLOCK_CAPTURE_AUTORELEASING = YES;
				CLANG_WARN_BOOL_CONVERSION = YES;
				CLANG_WARN_COMMA = YES;
				CLANG_WARN_CONSTANT_CONVERSION = YES;
				CLANG_WARN_DEPRECATED_OBJC_IMPLEMENTATIONS = YES;
				CLANG_WARN_DIRECT_OBJC_ISA_USAGE = YES_ERROR;
				CLANG_WARN_DOCUMENTATION_COMMENTS = YES;
				CLANG_WARN_EMPTY_BODY = YES;
				CLANG_WARN_ENUM_CONVERSION = YES;
				CLANG_WARN_INFINITE_RECURSION = YES;
				CLANG_WARN_INT_CONVERSION = YES;
				CLANG_WARN_NON_LITERAL_NULL_CONVERSION = YES;
				CLANG_WARN_OBJC_IMPLICIT_RETAIN_SELF = YES;
				CLANG_WARN_OBJC_LITERAL_CONVERSION = YES;
				CLANG_WARN_OBJC_ROOT_CLASS = YES_ERROR;
				CLANG_WARN_QUOTED_INCLUDE_IN_FRAMEWORK_HEADER = YES;
				CLANG_WARN_RANGE_LOOP_ANALYSIS = YES;
				CLANG_WARN_STRICT_PROTOTYPES = YES;
				CLANG_WARN_SUSPICIOUS_MOVE = YES;
				CLANG_WARN_UNGUARDED_AVAILABILITY = YES_AGGRESSIVE;
				CLANG_WARN_UNREACHABLE_CODE = YES;
				CLANG_WARN__DUPLICATE_METHOD_MATCH = YES;
				COPY_PHASE_STRIP = NO;
				DEBUG_INFORMATION_FORMAT = "dwarf-with-dsym";
				DEVELOPMENT_TEAM = KU6R499PHR;
				ENABLE_NS_ASSERTIONS = NO;
				ENABLE_STRICT_OBJC_MSGSEND = YES;
				ENABLE_USER_SCRIPT_SANDBOXING = YES;
				GCC_C_LANGUAGE_STANDARD = gnu17;
				GCC_NO_COMMON_BLOCKS = YES;
				GCC_WARN_64_TO_32_BIT_CONVERSION = YES;
				GCC_WARN_ABOUT_RETURN_TYPE = YES_ERROR;
				GCC_WARN_UNDECLARED_SELECTOR = YES;
				GCC_WARN_UNINITIALIZED_AUTOS = YES_AGGRESSIVE;
				GCC_WARN_UNUSED_FUNCTION = YES;
				GCC_WARN_UNUSED_VARIABLE = YES;
				LOCALIZATION_PREFERS_STRING_CATALOGS = YES;
				MACOSX_DEPLOYMENT_TARGET = 14.0;
				MTL_ENABLE_DEBUG_INFO = NO;
				MTL_FAST_MATH = YES;
				SDKROOT = macosx;
				SWIFT_COMPILATION_MODE = wholemodule;
				SWIFT_VERSION = 6.0;
			};
			name = Release;
		};
		E0B4A04F2FF96D9C00AF9A22 /* Debug configuration for PBXNativeTarget "Aeroshot" */ = {
			isa = XCBuildConfiguration;
			buildSettings = {
				ASSETCATALOG_COMPILER_APPICON_NAME = AppIcon;
				ASSETCATALOG_COMPILER_GLOBAL_ACCENT_COLOR_NAME = AccentColor;
				CODE_SIGN_ENTITLEMENTS = Aeroshot/Aeroshot.entitlements;
				CODE_SIGN_STYLE = Automatic;
				COMBINE_HIDPI_IMAGES = YES;
				CURRENT_PROJECT_VERSION = 1;
				DEVELOPMENT_TEAM = KU6R499PHR;
				ENABLE_APP_SANDBOX = NO;
				ENABLE_HARDENED_RUNTIME = YES;
				ENABLE_PREVIEWS = YES;
				ENABLE_USER_SELECTED_FILES = readonly;
				GENERATE_INFOPLIST_FILE = YES;
				INFOPLIST_FILE = Aeroshot/Info.plist;
				INFOPLIST_KEY_CFBundleDisplayName = Aeroshot;
				INFOPLIST_KEY_LSApplicationCategoryType = "public.app-category.utilities";
				INFOPLIST_KEY_LSUIElement = YES;
				INFOPLIST_KEY_NSHumanReadableCopyright = "";
				INFOPLIST_KEY_NSScreenCaptureUsageDescription = "Aeroshot needs screen recording access to take screenshots.";
				LD_RUNPATH_SEARCH_PATHS = (
					"$(inherited)",
					"@executable_path/../Frameworks",
				);
				MACOSX_DEPLOYMENT_TARGET = 14.6;
				MARKETING_VERSION = 1.0;
				OTHER_LDFLAGS = (
					"$(inherited)",
					"-weak_framework",
					FoundationModels,
				);
				PRODUCT_BUNDLE_IDENTIFIER = com.aeroshot;
				PRODUCT_NAME = "$(TARGET_NAME)";
				REGISTER_APP_GROUPS = YES;
				STRING_CATALOG_GENERATE_SYMBOLS = YES;
				SWIFT_APPROACHABLE_CONCURRENCY = YES;
				SWIFT_DEFAULT_ACTOR_ISOLATION = MainActor;
				SWIFT_EMIT_LOC_STRINGS = YES;
				SWIFT_UPCOMING_FEATURE_MEMBER_IMPORT_VISIBILITY = YES;
				SWIFT_VERSION = 6.0;
			};
			name = Debug;
		};
		E0B4A0502FF96D9C00AF9A22 /* Release configuration for PBXNativeTarget "Aeroshot" */ = {
			isa = XCBuildConfiguration;
			buildSettings = {
				ASSETCATALOG_COMPILER_APPICON_NAME = AppIcon;
				ASSETCATALOG_COMPILER_GLOBAL_ACCENT_COLOR_NAME = AccentColor;
				CODE_SIGN_ENTITLEMENTS = Aeroshot/Aeroshot.entitlements;
				CODE_SIGN_STYLE = Automatic;
				COMBINE_HIDPI_IMAGES = YES;
				CURRENT_PROJECT_VERSION = 1;
				DEVELOPMENT_TEAM = KU6R499PHR;
				ENABLE_APP_SANDBOX = NO;
				ENABLE_HARDENED_RUNTIME = YES;
				ENABLE_PREVIEWS = YES;
				ENABLE_USER_SELECTED_FILES = readonly;
				GENERATE_INFOPLIST_FILE = YES;
				INFOPLIST_FILE = Aeroshot/Info.plist;
				INFOPLIST_KEY_CFBundleDisplayName = Aeroshot;
				INFOPLIST_KEY_LSApplicationCategoryType = "public.app-category.utilities";
				INFOPLIST_KEY_LSUIElement = YES;
				INFOPLIST_KEY_NSHumanReadableCopyright = "";
				INFOPLIST_KEY_NSScreenCaptureUsageDescription = "Aeroshot needs screen recording access to take screenshots.";
				LD_RUNPATH_SEARCH_PATHS = (
					"$(inherited)",
					"@executable_path/../Frameworks",
				);
				MACOSX_DEPLOYMENT_TARGET = 14.6;
				MARKETING_VERSION = 1.0;
				OTHER_LDFLAGS = (
					"$(inherited)",
					"-weak_framework",
					FoundationModels,
				);
				PRODUCT_BUNDLE_IDENTIFIER = com.aeroshot;
				PRODUCT_NAME = "$(TARGET_NAME)";
				REGISTER_APP_GROUPS = YES;
				STRING_CATALOG_GENERATE_SYMBOLS = YES;
				SWIFT_APPROACHABLE_CONCURRENCY = YES;
				SWIFT_DEFAULT_ACTOR_ISOLATION = MainActor;
				SWIFT_EMIT_LOC_STRINGS = YES;
				SWIFT_UPCOMING_FEATURE_MEMBER_IMPORT_VISIBILITY = YES;
				SWIFT_VERSION = 6.0;
			};
			name = Release;
		};
		E0B4A0522FF96D9C00AF9A22 /* Debug configuration for PBXNativeTarget "AeroshotTests" */ = {
			isa = XCBuildConfiguration;
			buildSettings = {
				BUNDLE_LOADER = "$(TEST_HOST)";
				CODE_SIGN_STYLE = Automatic;
				CURRENT_PROJECT_VERSION = 1;
				DEVELOPMENT_TEAM = KU6R499PHR;
				GENERATE_INFOPLIST_FILE = YES;
				MACOSX_DEPLOYMENT_TARGET = 14.6;
				MARKETING_VERSION = 1.0;
				PRODUCT_BUNDLE_IDENTIFIER = com.aeroshotTests;
				PRODUCT_NAME = "$(TARGET_NAME)";
				STRING_CATALOG_GENERATE_SYMBOLS = NO;
				SWIFT_APPROACHABLE_CONCURRENCY = YES;
				SWIFT_EMIT_LOC_STRINGS = NO;
				SWIFT_UPCOMING_FEATURE_MEMBER_IMPORT_VISIBILITY = YES;
				SWIFT_VERSION = 6.0;
				TEST_HOST = "$(BUILT_PRODUCTS_DIR)/Aeroshot.app/$(BUNDLE_EXECUTABLE_FOLDER_PATH)/Aeroshot";
			};
			name = Debug;
		};
		E0B4A0532FF96D9C00AF9A22 /* Release configuration for PBXNativeTarget "AeroshotTests" */ = {
			isa = XCBuildConfiguration;
			buildSettings = {
				BUNDLE_LOADER = "$(TEST_HOST)";
				CODE_SIGN_STYLE = Automatic;
				CURRENT_PROJECT_VERSION = 1;
				DEVELOPMENT_TEAM = KU6R499PHR;
				GENERATE_INFOPLIST_FILE = YES;
				MACOSX_DEPLOYMENT_TARGET = 14.6;
				MARKETING_VERSION = 1.0;
				PRODUCT_BUNDLE_IDENTIFIER = com.aeroshotTests;
				PRODUCT_NAME = "$(TARGET_NAME)";
				STRING_CATALOG_GENERATE_SYMBOLS = NO;
				SWIFT_APPROACHABLE_CONCURRENCY = YES;
				SWIFT_EMIT_LOC_STRINGS = NO;
				SWIFT_UPCOMING_FEATURE_MEMBER_IMPORT_VISIBILITY = YES;
				SWIFT_VERSION = 6.0;
				TEST_HOST = "$(BUILT_PRODUCTS_DIR)/Aeroshot.app/$(BUNDLE_EXECUTABLE_FOLDER_PATH)/Aeroshot";
			};
			name = Release;
		};
		E0B4A0552FF96D9C00AF9A22 /* Debug configuration for PBXNativeTarget "AeroshotUITests" */ = {
			isa = XCBuildConfiguration;
			buildSettings = {
				CODE_SIGN_STYLE = Automatic;
				CURRENT_PROJECT_VERSION = 1;
				DEVELOPMENT_TEAM = KU6R499PHR;
				GENERATE_INFOPLIST_FILE = YES;
				MARKETING_VERSION = 1.0;
				PRODUCT_BUNDLE_IDENTIFIER = com.aeroshotUITests;
				PRODUCT_NAME = "$(TARGET_NAME)";
				STRING_CATALOG_GENERATE_SYMBOLS = NO;
				SWIFT_APPROACHABLE_CONCURRENCY = YES;
				SWIFT_EMIT_LOC_STRINGS = NO;
				SWIFT_UPCOMING_FEATURE_MEMBER_IMPORT_VISIBILITY = YES;
				SWIFT_VERSION = 6.0;
				TEST_TARGET_NAME = Aeroshot;
			};
			name = Debug;
		};
		E0B4A0562FF96D9C00AF9A22 /* Release configuration for PBXNativeTarget "AeroshotUITests" */ = {
			isa = XCBuildConfiguration;
			buildSettings = {
				CODE_SIGN_STYLE = Automatic;
				CURRENT_PROJECT_VERSION = 1;
				DEVELOPMENT_TEAM = KU6R499PHR;
				GENERATE_INFOPLIST_FILE = YES;
				MARKETING_VERSION = 1.0;
				PRODUCT_BUNDLE_IDENTIFIER = com.aeroshotUITests;
				PRODUCT_NAME = "$(TARGET_NAME)";
				STRING_CATALOG_GENERATE_SYMBOLS = NO;
				SWIFT_APPROACHABLE_CONCURRENCY = YES;
				SWIFT_EMIT_LOC_STRINGS = NO;
				SWIFT_UPCOMING_FEATURE_MEMBER_IMPORT_VISIBILITY = YES;
				SWIFT_VERSION = 6.0;
				TEST_TARGET_NAME = Aeroshot;
			};
			name = Release;
		};
/* End XCBuildConfiguration section */

/* Begin XCConfigurationList section */
		E0B4A02A2FF96D9B00AF9A22 /* Build configuration list for PBXProject "Aeroshot" */ = {
			isa = XCConfigurationList;
			buildConfigurations = (
				E0B4A04C2FF96D9C00AF9A22 /* Debug configuration for PBXProject "Aeroshot" */,
				E0B4A04D2FF96D9C00AF9A22 /* Release configuration for PBXProject "Aeroshot" */,
			);
			defaultConfigurationName = Release;
		};
		E0B4A04E2FF96D9C00AF9A22 /* Build configuration list for PBXNativeTarget "Aeroshot" */ = {
			isa = XCConfigurationList;
			buildConfigurations = (
				E0B4A04F2FF96D9C00AF9A22 /* Debug configuration for PBXNativeTarget "Aeroshot" */,
				E0B4A0502FF96D9C00AF9A22 /* Release configuration for PBXNativeTarget "Aeroshot" */,
			);
			defaultConfigurationName = Release;
		};
		E0B4A0512FF96D9C00AF9A22 /* Build configuration list for PBXNativeTarget "AeroshotTests" */ = {
			isa = XCConfigurationList;
			buildConfigurations = (
				E0B4A0522FF96D9C00AF9A22 /* Debug configuration for PBXNativeTarget "AeroshotTests" */,
				E0B4A0532FF96D9C00AF9A22 /* Release configuration for PBXNativeTarget "AeroshotTests" */,
			);
			defaultConfigurationName = Release;
		};
		E0B4A0542FF96D9C00AF9A22 /* Build configuration list for PBXNativeTarget "AeroshotUITests" */ = {
			isa = XCConfigurationList;
			buildConfigurations = (
				E0B4A0552FF96D9C00AF9A22 /* Debug configuration for PBXNativeTarget "AeroshotUITests" */,
				E0B4A0562FF96D9C00AF9A22 /* Release configuration for PBXNativeTarget "AeroshotUITests" */,
			);
			defaultConfigurationName = Release;
		};
/* End XCConfigurationList section */

/* Begin XCRemoteSwiftPackageReference section */
		0FAC0DE000000000000000A1 /* XCRemoteSwiftPackageReference "onnxruntime-swift-package-manager" */ = {
			isa = XCRemoteSwiftPackageReference;
			repositoryURL = "https://github.com/microsoft/onnxruntime-swift-package-manager";
			requirement = {
				kind = upToNextMajorVersion;
				minimumVersion = 1.19.2;
			};
		};
		0FAC0DE000000000000000A2 /* XCRemoteSwiftPackageReference "swift-transformers" */ = {
			isa = XCRemoteSwiftPackageReference;
			repositoryURL = "https://github.com/huggingface/swift-transformers";
			requirement = {
				kind = upToNextMajorVersion;
				minimumVersion = 1.3.3;
			};
		};
/* End XCRemoteSwiftPackageReference section */

/* Begin XCSwiftPackageProductDependency section */
		0FAC0DE000000000000000B1 /* onnxruntime */ = {
			isa = XCSwiftPackageProductDependency;
			package = 0FAC0DE000000000000000A1 /* XCRemoteSwiftPackageReference "onnxruntime-swift-package-manager" */;
			productName = onnxruntime;
		};
		0FAC0DE000000000000000B2 /* Tokenizers */ = {
			isa = XCSwiftPackageProductDependency;
			package = 0FAC0DE000000000000000A2 /* XCRemoteSwiftPackageReference "swift-transformers" */;
			productName = Tokenizers;
		};
/* End XCSwiftPackageProductDependency section */
	};
	rootObject = E0B4A0272FF96D9B00AF9A22 /* Project object */;
	validationLevel = 1;
}
